
Microsoft Visual Studio Solution File, Format Version 12.00
# Visual Studio Version 16
VisualStudioVersion = 16.0.31424.327
MinimumVisualStudioVersion = 10.0.40219.1
Project("{FAE04EC0-301F-11D3-BF4B-00C04F79EFBC}") = "SqlDeneme.WebAPI", "SqlDeneme.WebAPI\SqlDeneme.WebAPI.csproj", "{56549CFF-DCDE-4A99-B49E-FE390D3720E8}"
EndProject
Global
	GlobalSection(SolutionConfigurationPlatforms) = preSolution
		Debug|Any CPU = Debug|Any CPU
		Release|Any CPU = Release|Any CPU
	EndGlobalSection
	GlobalSection(ProjectConfigurationPlatforms) = postSolution
		{56549CFF-DCDE-4A99-B49E-FE390D3720E8}.Debug|Any CPU.ActiveCfg = Debug|Any CPU
		{56549CFF-DCDE-4A99-B49E-FE390D3720E8}.Debug|Any CPU.Build.0 = Debug|Any CPU
		{56549CFF-DCDE-4A99-B49E-FE390D3720E8}.Release|Any CPU.ActiveCfg = Release|Any CPU
		{56549CFF-DCDE-4A99-B49E-FE390D3720E8}.Release|Any CPU.Build.0 = Release|Any CPU
	EndGlobalSection
	GlobalSection(SolutionProperties) = preSolution
		HideSolutionNode = FALSE
	EndGlobalSection
	GlobalSection(ExtensibilityGlobals) = postSolution
		SolutionGuid = {235E6EF3-2F0C-4F7C-BF26-1ED3278F3C93}
	EndGlobalSection
EndGlobal
